
Microsoft Visual Studio Solution File, Format Version 12.00
# Visual Studio Version 17
VisualStudioVersion = 17.11.35303.130
MinimumVisualStudioVersion = 10.0.40219.1
Project("{2150E333-8FDC-42A3-9474-1A3956D46DE8}") = "Task0", "Task0", "{9551541C-9D4D-4DB8-8093-1DAD1620568C}"
EndProject
Project("{FAE04EC0-301F-11D3-BF4B-00C04F79EFBC}") = "Tyuiu.MyshakinD.Sprint4.Task0.V19", "Tyuiu.MyshakinD.Sprint4.Task0.V19\Tyuiu.MyshakinD.Sprint4.Task0.V19.csproj", "{38C32DEB-15BD-404A-B101-9539D6F6D32E}"
EndProject
Project("{FAE04EC0-301F-11D3-BF4B-00C04F79EFBC}") = "Tyuiu.MyshakinD.Sprint4.Task0.V19.Lib", "Tyuiu.MyshakinD.Sprint4.Task0.V19.Lib\Tyuiu.MyshakinD.Sprint4.Task0.V19.Lib.csproj", "{D03B6CC7-E224-4F18-9E87-B758DB263569}"
EndProject
Project("{FAE04EC0-301F-11D3-BF4B-00C04F79EFBC}") = "Tyuiu.MyshakinD.Sprint4.Task0.V19.Test", "Tyuiu.MyshakinD.Sprint4.Task0.V19.Test\Tyuiu.MyshakinD.Sprint4.Task0.V19.Test.csproj", "{83699FB2-6FFB-4ACF-95CA-D7355074B861}"
EndProject
Project("{2150E333-8FDC-42A3-9474-1A3956D46DE8}") = "Task1", "Task1", "{D78AE4D5-8F6F-4D54-AD27-F4C117393556}"
EndProject
Project("{FAE04EC0-301F-11D3-BF4B-00C04F79EFBC}") = "Tyuiu.MyshakinD.Sprint4.Task1.V2", "Tyuiu.MyshakinD.Sprint4.Task1.V2\Tyuiu.MyshakinD.Sprint4.Task1.V2.csproj", "{D0F2AC9F-CCD6-4DF5-96D1-EB0B25DE8086}"
EndProject
Project("{FAE04EC0-301F-11D3-BF4B-00C04F79EFBC}") = "Tyuiu.MyshakinD.Sprint4.Task1.V2.Lib", "Tyuiu.MyshakinD.Sprint4.Task1.V2.Lib\Tyuiu.MyshakinD.Sprint4.Task1.V2.Lib.csproj", "{3E4A2D44-BDB1-45FB-95CD-60A0504F0673}"
EndProject
Project("{FAE04EC0-301F-11D3-BF4B-00C04F79EFBC}") = "Tyuiu.MyshakinD.Sprint4.Task1.V2.Test", "Tyuiu.MyshakinD.Sprint4.Task1.V2.Test\Tyuiu.MyshakinD.Sprint4.Task1.V2.Test.csproj", "{819A1752-67E8-4EB1-92BF-8E97FCDAB52C}"
EndProject
Project("{2150E333-8FDC-42A3-9474-1A3956D46DE8}") = "Task2", "Task2", "{539578AD-45F2-4B18-B4E4-02892868E7C7}"
EndProject
Project("{FAE04EC0-301F-11D3-BF4B-00C04F79EFBC}") = "Tyuiu.MyshakinD.Sprint4.Task2.V16", "Tyuiu.MyshakinD.Sprint4.Task2.V16\Tyuiu.MyshakinD.Sprint4.Task2.V16.csproj", "{F144B1FD-610C-4F3F-95D1-12813932635E}"
EndProject
Project("{FAE04EC0-301F-11D3-BF4B-00C04F79EFBC}") = "Tyuiu.MyshakinD.Sprint4.Task2.V16.Lib", "Tyuiu.MyshakinD.Sprint4.Task2.V16.Lib\Tyuiu.MyshakinD.Sprint4.Task2.V16.Lib.csproj", "{0EA8139F-07E8-4A6B-97A9-DC144DD268DB}"
EndProject
Project("{FAE04EC0-301F-11D3-BF4B-00C04F79EFBC}") = "Tyuiu.MyshakinD.Sprint4.Task2.V16.Test", "Tyuiu.MyshakinD.Sprint4.Task2.V16.Test\Tyuiu.MyshakinD.Sprint4.Task2.V16.Test.csproj", "{B489F4AD-BA0B-43D2-8001-161B64B030E1}"
EndProject
Global
	GlobalSection(SolutionConfigurationPlatforms) = preSolution
		Debug|Any CPU = Debug|Any CPU
		Release|Any CPU = Release|Any CPU
	EndGlobalSection
	GlobalSection(ProjectConfigurationPlatforms) = postSolution
		{38C32DEB-15BD-404A-B101-9539D6F6D32E}.Debug|Any CPU.ActiveCfg = Debug|Any CPU
		{38C32DEB-15BD-404A-B101-9539D6F6D32E}.Debug|Any CPU.Build.0 = Debug|Any CPU
		{38C32DEB-15BD-404A-B101-9539D6F6D32E}.Release|Any CPU.ActiveCfg = Release|Any CPU
		{38C32DEB-15BD-404A-B101-9539D6F6D32E}.Release|Any CPU.Build.0 = Release|Any CPU
		{D03B6CC7-E224-4F18-9E87-B758DB263569}.Debug|Any CPU.ActiveCfg = Debug|Any CPU
		{D03B6CC7-E224-4F18-9E87-B758DB263569}.Debug|Any CPU.Build.0 = Debug|Any CPU
		{D03B6CC7-E224-4F18-9E87-B758DB263569}.Release|Any CPU.ActiveCfg = Release|Any CPU
		{D03B6CC7-E224-4F18-9E87-B758DB263569}.Release|Any CPU.Build.0 = Release|Any CPU
		{83699FB2-6FFB-4ACF-95CA-D7355074B861}.Debug|Any CPU.ActiveCfg = Debug|Any CPU
		{83699FB2-6FFB-4ACF-95CA-D7355074B861}.Debug|Any CPU.Build.0 = Debug|Any CPU
		{83699FB2-6FFB-4ACF-95CA-D7355074B861}.Release|Any CPU.ActiveCfg = Release|Any CPU
		{83699FB2-6FFB-4ACF-95CA-D7355074B861}.Release|Any CPU.Build.0 = Release|Any CPU
		{D0F2AC9F-CCD6-4DF5-96D1-EB0B25DE8086}.Debug|Any CPU.ActiveCfg = Debug|Any CPU
		{D0F2AC9F-CCD6-4DF5-96D1-EB0B25DE8086}.Debug|Any CPU.Build.0 = Debug|Any CPU
		{D0F2AC9F-CCD6-4DF5-96D1-EB0B25DE8086}.Release|Any CPU.ActiveCfg = Release|Any CPU
		{D0F2AC9F-CCD6-4DF5-96D1-EB0B25DE8086}.Release|Any CPU.Build.0 = Release|Any CPU
		{3E4A2D44-BDB1-45FB-95CD-60A0504F0673}.Debug|Any CPU.ActiveCfg = Debug|Any CPU
		{3E4A2D44-BDB1-45FB-95CD-60A0504F0673}.Debug|Any CPU.Build.0 = Debug|Any CPU
		{3E4A2D44-BDB1-45FB-95CD-60A0504F0673}.Release|Any CPU.ActiveCfg = Release|Any CPU
		{3E4A2D44-BDB1-45FB-95CD-60A0504F0673}.Release|Any CPU.Build.0 = Release|Any CPU
		{819A1752-67E8-4EB1-92BF-8E97FCDAB52C}.Debug|Any CPU.ActiveCfg = Debug|Any CPU
		{819A1752-67E8-4EB1-92BF-8E97FCDAB52C}.Debug|Any CPU.Build.0 = Debug|Any CPU
		{819A1752-67E8-4EB1-92BF-8E97FCDAB52C}.Release|Any CPU.ActiveCfg = Release|Any CPU
		{819A1752-67E8-4EB1-92BF-8E97FCDAB52C}.Release|Any CPU.Build.0 = Release|Any CPU
		{F144B1FD-610C-4F3F-95D1-12813932635E}.Debug|Any CPU.ActiveCfg = Debug|Any CPU
		{F144B1FD-610C-4F3F-95D1-12813932635E}.Debug|Any CPU.Build.0 = Debug|Any CPU
		{F144B1FD-610C-4F3F-95D1-12813932635E}.Release|Any CPU.ActiveCfg = Release|Any CPU
		{F144B1FD-610C-4F3F-95D1-12813932635E}.Release|Any CPU.Build.0 = Release|Any CPU
		{0EA8139F-07E8-4A6B-97A9-DC144DD268DB}.Debug|Any CPU.ActiveCfg = Debug|Any CPU
		{0EA8139F-07E8-4A6B-97A9-DC144DD268DB}.Debug|Any CPU.Build.0 = Debug|Any CPU
		{0EA8139F-07E8-4A6B-97A9-DC144DD268DB}.Release|Any CPU.ActiveCfg = Release|Any CPU
		{0EA8139F-07E8-4A6B-97A9-DC144DD268DB}.Release|Any CPU.Build.0 = Release|Any CPU
		{B489F4AD-BA0B-43D2-8001-161B64B030E1}.Debug|Any CPU.ActiveCfg = Debug|Any CPU
		{B489F4AD-BA0B-43D2-8001-161B64B030E1}.Debug|Any CPU.Build.0 = Debug|Any CPU
		{B489F4AD-BA0B-43D2-8001-161B64B030E1}.Release|Any CPU.ActiveCfg = Release|Any CPU
		{B489F4AD-BA0B-43D2-8001-161B64B030E1}.Release|Any CPU.Build.0 = Release|Any CPU
	EndGlobalSection
	GlobalSection(SolutionProperties) = preSolution
		HideSolutionNode = FALSE
	EndGlobalSection
	GlobalSection(NestedProjects) = preSolution
		{38C32DEB-15BD-404A-B101-9539D6F6D32E} = {9551541C-9D4D-4DB8-8093-1DAD1620568C}
		{D03B6CC7-E224-4F18-9E87-B758DB263569} = {9551541C-9D4D-4DB8-8093-1DAD1620568C}
		{83699FB2-6FFB-4ACF-95CA-D7355074B861} = {9551541C-9D4D-4DB8-8093-1DAD1620568C}
		{D0F2AC9F-CCD6-4DF5-96D1-EB0B25DE8086} = {D78AE4D5-8F6F-4D54-AD27-F4C117393556}
		{3E4A2D44-BDB1-45FB-95CD-60A0504F0673} = {D78AE4D5-8F6F-4D54-AD27-F4C117393556}
		{819A1752-67E8-4EB1-92BF-8E97FCDAB52C} = {D78AE4D5-8F6F-4D54-AD27-F4C117393556}
		{F144B1FD-610C-4F3F-95D1-12813932635E} = {539578AD-45F2-4B18-B4E4-02892868E7C7}
		{0EA8139F-07E8-4A6B-97A9-DC144DD268DB} = {539578AD-45F2-4B18-B4E4-02892868E7C7}
		{B489F4AD-BA0B-43D2-8001-161B64B030E1} = {539578AD-45F2-4B18-B4E4-02892868E7C7}
	EndGlobalSection
	GlobalSection(ExtensibilityGlobals) = postSolution
		SolutionGuid = {1E8AE4A5-EF9B-4601-A63D-8FE0E55E2FB5}
	EndGlobalSection
EndGlobal
